
Microsoft Visual Studio Solution File, Format Version 12.00
# Visual Studio 14
VisualStudioVersion = 14.0.25420.1
MinimumVisualStudioVersion = 10.0.40219.1
Project("{2150E333-8FDC-42A3-9474-1A3956D46DE8}") = "BLL", "BLL", "{86CCE77F-7DEE-4E99-9455-17F080C75F8A}"
EndProject
Project("{2150E333-8FDC-42A3-9474-1A3956D46DE8}") = "DAL", "DAL", "{50D6FDCD-336E-4E1C-B63F-6A36A9CBA037}"
EndProject
Project("{2150E333-8FDC-42A3-9474-1A3956D46DE8}") = "Model", "Model", "{EAC51602-7845-441B-AF9A-A7A45CB843C2}"
EndProject
Project("{2150E333-8FDC-42A3-9474-1A3956D46DE8}") = "UI", "UI", "{84208201-B54F-488C-8533-27603E364449}"
EndProject
Project("{FAE04EC0-301F-11D3-BF4B-00C04F79EFBC}") = "Company.BLL", "Company.BLL\Company.BLL.csproj", "{FAB247EB-D7C8-4D6D-960C-DB10AA5E16AA}"
EndProject
Project("{FAE04EC0-301F-11D3-BF4B-00C04F79EFBC}") = "Commpany.BLLContainer", "Commpany.BLLContainer\Commpany.BLLContainer.csproj", "{92FAD950-5F46-4D22-B28A-1090399CCDA2}"
EndProject
Project("{FAE04EC0-301F-11D3-BF4B-00C04F79EFBC}") = "Company.IBLL", "Company.IBLL\Company.IBLL.csproj", "{8F75C423-2755-41FC-BF32-D70FD50A7D69}"
EndProject
Project("{FAE04EC0-301F-11D3-BF4B-00C04F79EFBC}") = "Company.DAL", "Company.DAL\Company.DAL.csproj", "{15E50690-F3A1-43CD-B67D-7EBF90028F80}"
EndProject
Project("{FAE04EC0-301F-11D3-BF4B-00C04F79EFBC}") = "Company.DALContainer", "Company.DALContainer\Company.DALContainer.csproj", "{7B2B8EE5-DACE-47F3-9434-9289DB2AB4BA}"
EndProject
Project("{FAE04EC0-301F-11D3-BF4B-00C04F79EFBC}") = "Company.IDAL", "Company.IDAL\Company.IDAL.csproj", "{DCC1C4CF-C120-4573-B72C-105BF5E20B2F}"
EndProject
Project("{FAE04EC0-301F-11D3-BF4B-00C04F79EFBC}") = "Company.Model", "Company.Model\Company.Model.csproj", "{243026A2-B7FC-485B-AFC9-B39BEC6ACB89}"
EndProject
Project("{FAE04EC0-301F-11D3-BF4B-00C04F79EFBC}") = "Company.UI", "Company.UI\Company.UI.csproj", "{93894641-3A63-404A-8051-AB9590708CFD}"
EndProject
Global
	GlobalSection(SolutionConfigurationPlatforms) = preSolution
		Debug|Any CPU = Debug|Any CPU
		Release|Any CPU = Release|Any CPU
	EndGlobalSection
	GlobalSection(ProjectConfigurationPlatforms) = postSolution
		{FAB247EB-D7C8-4D6D-960C-DB10AA5E16AA}.Debug|Any CPU.ActiveCfg = Debug|Any CPU
		{FAB247EB-D7C8-4D6D-960C-DB10AA5E16AA}.Debug|Any CPU.Build.0 = Debug|Any CPU
		{FAB247EB-D7C8-4D6D-960C-DB10AA5E16AA}.Release|Any CPU.ActiveCfg = Release|Any CPU
		{FAB247EB-D7C8-4D6D-960C-DB10AA5E16AA}.Release|Any CPU.Build.0 = Release|Any CPU
		{92FAD950-5F46-4D22-B28A-1090399CCDA2}.Debug|Any CPU.ActiveCfg = Debug|Any CPU
		{92FAD950-5F46-4D22-B28A-1090399CCDA2}.Debug|Any CPU.Build.0 = Debug|Any CPU
		{92FAD950-5F46-4D22-B28A-1090399CCDA2}.Release|Any CPU.ActiveCfg = Release|Any CPU
		{92FAD950-5F46-4D22-B28A-1090399CCDA2}.Release|Any CPU.Build.0 = Release|Any CPU
		{8F75C423-2755-41FC-BF32-D70FD50A7D69}.Debug|Any CPU.ActiveCfg = Debug|Any CPU
		{8F75C423-2755-41FC-BF32-D70FD50A7D69}.Debug|Any CPU.Build.0 = Debug|Any CPU
		{8F75C423-2755-41FC-BF32-D70FD50A7D69}.Release|Any CPU.ActiveCfg = Release|Any CPU
		{8F75C423-2755-41FC-BF32-D70FD50A7D69}.Release|Any CPU.Build.0 = Release|Any CPU
		{15E50690-F3A1-43CD-B67D-7EBF90028F80}.Debug|Any CPU.ActiveCfg = Debug|Any CPU
		{15E50690-F3A1-43CD-B67D-7EBF90028F80}.Debug|Any CPU.Build.0 = Debug|Any CPU
		{15E50690-F3A1-43CD-B67D-7EBF90028F80}.Release|Any CPU.ActiveCfg = Release|Any CPU
		{15E50690-F3A1-43CD-B67D-7EBF90028F80}.Release|Any CPU.Build.0 = Release|Any CPU
		{7B2B8EE5-DACE-47F3-9434-9289DB2AB4BA}.Debug|Any CPU.ActiveCfg = Debug|Any CPU
		{7B2B8EE5-DACE-47F3-9434-9289DB2AB4BA}.Debug|Any CPU.Build.0 = Debug|Any CPU
		{7B2B8EE5-DACE-47F3-9434-9289DB2AB4BA}.Release|Any CPU.ActiveCfg = Release|Any CPU
		{7B2B8EE5-DACE-47F3-9434-9289DB2AB4BA}.Release|Any CPU.Build.0 = Release|Any CPU
		{DCC1C4CF-C120-4573-B72C-105BF5E20B2F}.Debug|Any CPU.ActiveCfg = Debug|Any CPU
		{DCC1C4CF-C120-4573-B72C-105BF5E20B2F}.Debug|Any CPU.Build.0 = Debug|Any CPU
		{DCC1C4CF-C120-4573-B72C-105BF5E20B2F}.Release|Any CPU.ActiveCfg = Release|Any CPU
		{DCC1C4CF-C120-4573-B72C-105BF5E20B2F}.Release|Any CPU.Build.0 = Release|Any CPU
		{243026A2-B7FC-485B-AFC9-B39BEC6ACB89}.Debug|Any CPU.ActiveCfg = Debug|Any CPU
		{243026A2-B7FC-485B-AFC9-B39BEC6ACB89}.Debug|Any CPU.Build.0 = Debug|Any CPU
		{243026A2-B7FC-485B-AFC9-B39BEC6ACB89}.Release|Any CPU.ActiveCfg = Release|Any CPU
		{243026A2-B7FC-485B-AFC9-B39BEC6ACB89}.Release|Any CPU.Build.0 = Release|Any CPU
		{93894641-3A63-404A-8051-AB9590708CFD}.Debug|Any CPU.ActiveCfg = Debug|Any CPU
		{93894641-3A63-404A-8051-AB9590708CFD}.Debug|Any CPU.Build.0 = Debug|Any CPU
		{93894641-3A63-404A-8051-AB9590708CFD}.Release|Any CPU.ActiveCfg = Release|Any CPU
		{93894641-3A63-404A-8051-AB9590708CFD}.Release|Any CPU.Build.0 = Release|Any CPU
	EndGlobalSection
	GlobalSection(SolutionProperties) = preSolution
		HideSolutionNode = FALSE
	EndGlobalSection
	GlobalSection(NestedProjects) = preSolution
		{FAB247EB-D7C8-4D6D-960C-DB10AA5E16AA} = {86CCE77F-7DEE-4E99-9455-17F080C75F8A}
		{92FAD950-5F46-4D22-B28A-1090399CCDA2} = {86CCE77F-7DEE-4E99-9455-17F080C75F8A}
		{8F75C423-2755-41FC-BF32-D70FD50A7D69} = {86CCE77F-7DEE-4E99-9455-17F080C75F8A}
		{15E50690-F3A1-43CD-B67D-7EBF90028F80} = {50D6FDCD-336E-4E1C-B63F-6A36A9CBA037}
		{7B2B8EE5-DACE-47F3-9434-9289DB2AB4BA} = {50D6FDCD-336E-4E1C-B63F-6A36A9CBA037}
		{DCC1C4CF-C120-4573-B72C-105BF5E20B2F} = {50D6FDCD-336E-4E1C-B63F-6A36A9CBA037}
		{243026A2-B7FC-485B-AFC9-B39BEC6ACB89} = {EAC51602-7845-441B-AF9A-A7A45CB843C2}
		{93894641-3A63-404A-8051-AB9590708CFD} = {84208201-B54F-488C-8533-27603E364449}
	EndGlobalSection
EndGlobal
